{
  "packs": [
    {
      "id": "cloudflared",
      "version": "20260818-dbf877166bf6",
      "files": {
        "cloudflared.zip": "5358f85f0a24cdc6efe517aafbce428e442815037311393d074dcfbcf04de6e7"
      }
    },
    {
      "id": "script-deps",
      "version": "20260818-6b3b3087a5e2",
      "files": {
        "script-deps.dex": "ceaa8d455368a9feb248f04104adac76f810ff43f6fb3835de7ac0359b8250ae"
      }
    }
  ]
}